
Microsoft Visual Studio Solution File, Format Version 12.00
# Visual Studio Version 17
VisualStudioVersion = 17.3.32929.385
MinimumVisualStudioVersion = 10.0.40219.1
Project("{54A90642-561A-4BB1-A94E-469ADEE60C69}") = "home.clientapp", "home.clientapp\home.clientapp.esproj", "{178955BA-622E-4781-AED4-C7EDA1B89964}"
EndProject
Project("{9A19103F-16F7-4668-BE54-9A1E7A4F7556}") = "Home.WebApi", "Home.WebApi\Home.WebApi.csproj", "{E60FEC2F-4AD7-4E5B-A892-0683CFE8AA8B}"
EndProject
Project("{FAE04EC0-301F-11D3-BF4B-00C04F79EFBC}") = "Home.Database", "Home.Database\Home.Database.csproj", "{CC6658F9-C3C0-498A-BC58-FEB9577CCB59}"
EndProject
Project("{FAE04EC0-301F-11D3-BF4B-00C04F79EFBC}") = "Home.MeasurementFetcher", "Home.MeasurementFetcher\Home.MeasurementFetcher.csproj", "{32EFB8B3-C927-46FD-8D05-BA4D78C114D5}"
EndProject
Global
	GlobalSection(SolutionConfigurationPlatforms) = preSolution
		Debug|Any CPU = Debug|Any CPU
		Release|Any CPU = Release|Any CPU
	EndGlobalSection
	GlobalSection(ProjectConfigurationPlatforms) = postSolution
		{178955BA-622E-4781-AED4-C7EDA1B89964}.Debug|Any CPU.ActiveCfg = Debug|Any CPU
		{178955BA-622E-4781-AED4-C7EDA1B89964}.Debug|Any CPU.Build.0 = Debug|Any CPU
		{178955BA-622E-4781-AED4-C7EDA1B89964}.Debug|Any CPU.Deploy.0 = Debug|Any CPU
		{178955BA-622E-4781-AED4-C7EDA1B89964}.Release|Any CPU.ActiveCfg = Release|Any CPU
		{178955BA-622E-4781-AED4-C7EDA1B89964}.Release|Any CPU.Build.0 = Release|Any CPU
		{178955BA-622E-4781-AED4-C7EDA1B89964}.Release|Any CPU.Deploy.0 = Release|Any CPU
		{E60FEC2F-4AD7-4E5B-A892-0683CFE8AA8B}.Debug|Any CPU.ActiveCfg = Debug|Any CPU
		{E60FEC2F-4AD7-4E5B-A892-0683CFE8AA8B}.Debug|Any CPU.Build.0 = Debug|Any CPU
		{E60FEC2F-4AD7-4E5B-A892-0683CFE8AA8B}.Release|Any CPU.ActiveCfg = Release|Any CPU
		{E60FEC2F-4AD7-4E5B-A892-0683CFE8AA8B}.Release|Any CPU.Build.0 = Release|Any CPU
		{CC6658F9-C3C0-498A-BC58-FEB9577CCB59}.Debug|Any CPU.ActiveCfg = Debug|Any CPU
		{CC6658F9-C3C0-498A-BC58-FEB9577CCB59}.Debug|Any CPU.Build.0 = Debug|Any CPU
		{CC6658F9-C3C0-498A-BC58-FEB9577CCB59}.Release|Any CPU.ActiveCfg = Release|Any CPU
		{CC6658F9-C3C0-498A-BC58-FEB9577CCB59}.Release|Any CPU.Build.0 = Release|Any CPU
		{32EFB8B3-C927-46FD-8D05-BA4D78C114D5}.Debug|Any CPU.ActiveCfg = Debug|Any CPU
		{32EFB8B3-C927-46FD-8D05-BA4D78C114D5}.Debug|Any CPU.Build.0 = Debug|Any CPU
		{32EFB8B3-C927-46FD-8D05-BA4D78C114D5}.Release|Any CPU.ActiveCfg = Release|Any CPU
		{32EFB8B3-C927-46FD-8D05-BA4D78C114D5}.Release|Any CPU.Build.0 = Release|Any CPU
	EndGlobalSection
	GlobalSection(SolutionProperties) = preSolution
		HideSolutionNode = FALSE
	EndGlobalSection
	GlobalSection(ExtensibilityGlobals) = postSolution
		SolutionGuid = {14DFB4E0-8983-4FD1-865D-404ED38FBC75}
	EndGlobalSection
EndGlobal
