
Microsoft Visual Studio Solution File, Format Version 12.00
# Visual Studio Version 17
VisualStudioVersion = 17.3.32929.385
MinimumVisualStudioVersion = 10.0.40219.1
Project("{54A90642-561A-4BB1-A94E-469ADEE60C69}") = "home.clientapp", "home.clientapp\home.clientapp.esproj", "{178955BA-622E-4781-AED4-C7EDA1B89964}"
EndProject
Global
	GlobalSection(SolutionConfigurationPlatforms) = preSolution
		Debug|Any CPU = Debug|Any CPU
		Release|Any CPU = Release|Any CPU
	EndGlobalSection
	GlobalSection(ProjectConfigurationPlatforms) = postSolution
		{178955BA-622E-4781-AED4-C7EDA1B89964}.Debug|Any CPU.ActiveCfg = Debug|Any CPU
		{178955BA-622E-4781-AED4-C7EDA1B89964}.Debug|Any CPU.Build.0 = Debug|Any CPU
		{178955BA-622E-4781-AED4-C7EDA1B89964}.Debug|Any CPU.Deploy.0 = Debug|Any CPU
		{178955BA-622E-4781-AED4-C7EDA1B89964}.Release|Any CPU.ActiveCfg = Release|Any CPU
		{178955BA-622E-4781-AED4-C7EDA1B89964}.Release|Any CPU.Build.0 = Release|Any CPU
		{178955BA-622E-4781-AED4-C7EDA1B89964}.Release|Any CPU.Deploy.0 = Release|Any CPU
	EndGlobalSection
	GlobalSection(SolutionProperties) = preSolution
		HideSolutionNode = FALSE
	EndGlobalSection
	GlobalSection(ExtensibilityGlobals) = postSolution
		SolutionGuid = {14DFB4E0-8983-4FD1-865D-404ED38FBC75}
	EndGlobalSection
EndGlobal
